
Microsoft Visual Studio Solution File, Format Version 12.00
# Visual Studio 15
VisualStudioVersion = 15.0.35431.46
MinimumVisualStudioVersion = 10.0.40219.1
Project("{FAE04EC0-301F-11D3-BF4B-00C04F79EFBC}") = "MinesWeeperGame", "MinesWeeperGame\MinesWeeperGame.csproj", "{F4822BDE-B567-4574-9867-DDE60E99C061}"
EndProject
Global
	GlobalSection(SolutionConfigurationPlatforms) = preSolution
		Debug|Any CPU = Debug|Any CPU
		Release|Any CPU = Release|Any CPU
	EndGlobalSection
	GlobalSection(ProjectConfigurationPlatforms) = postSolution
		{F4822BDE-B567-4574-9867-DDE60E99C061}.Debug|Any CPU.ActiveCfg = Debug|Any CPU
		{F4822BDE-B567-4574-9867-DDE60E99C061}.Debug|Any CPU.Build.0 = Debug|Any CPU
		{F4822BDE-B567-4574-9867-DDE60E99C061}.Release|Any CPU.ActiveCfg = Release|Any CPU
		{F4822BDE-B567-4574-9867-DDE60E99C061}.Release|Any CPU.Build.0 = Release|Any CPU
	EndGlobalSection
	GlobalSection(SolutionProperties) = preSolution
		HideSolutionNode = FALSE
	EndGlobalSection
	GlobalSection(ExtensibilityGlobals) = postSolution
		SolutionGuid = {80EFC46F-2559-4363-82A7-07E9B2F0C6E3}
	EndGlobalSection
EndGlobal
